
Microsoft Visual Studio Solution File, Format Version 12.00
# Visual Studio Version 17
VisualStudioVersion = 17.6.33829.357
MinimumVisualStudioVersion = 10.0.40219.1
Project("{FAE04EC0-301F-11D3-BF4B-00C04F79EFBC}") = "calculadoraC#", "calculadoraC#\calculadoraC#.csproj", "{FC69FA98-0686-4D6E-8630-EF618E6C0DBE}"
EndProject
Global
	GlobalSection(SolutionConfigurationPlatforms) = preSolution
		Debug|Any CPU = Debug|Any CPU
		Release|Any CPU = Release|Any CPU
	EndGlobalSection
	GlobalSection(ProjectConfigurationPlatforms) = postSolution
		{FC69FA98-0686-4D6E-8630-EF618E6C0DBE}.Debug|Any CPU.ActiveCfg = Debug|Any CPU
		{FC69FA98-0686-4D6E-8630-EF618E6C0DBE}.Debug|Any CPU.Build.0 = Debug|Any CPU
		{FC69FA98-0686-4D6E-8630-EF618E6C0DBE}.Release|Any CPU.ActiveCfg = Release|Any CPU
		{FC69FA98-0686-4D6E-8630-EF618E6C0DBE}.Release|Any CPU.Build.0 = Release|Any CPU
	EndGlobalSection
	GlobalSection(SolutionProperties) = preSolution
		HideSolutionNode = FALSE
	EndGlobalSection
	GlobalSection(ExtensibilityGlobals) = postSolution
		SolutionGuid = {648F05D4-BF99-4BA3-BD23-D2900B94D7E9}
	EndGlobalSection
EndGlobal
